// !$*UTF8*$!
{
	archiveVersion = 1;
	classes = {
	};
	objectVersion = 55;
	objects = {

/* Begin PBXBuildFile section */
		85C80FCF28966DFE006983E7 /* test_variable_stateApp.swift in Sources */ = {isa = PBXBuildFile; fileRef = 85C80FCE28966DFE006983E7 /* test_variable_stateApp.swift */; };
		85C80FD128966DFE006983E7 /* ContentView.swift in Sources */ = {isa = PBXBuildFile; fileRef = 85C80FD028966DFE006983E7 /* ContentView.swift */; };
		85C80FD328966E02006983E7 /* Assets.xcassets in Resources */ = {isa = PBXBuildFile; fileRef = 85C80FD228966E02006983E7 /* Assets.xcassets */; };
		85C80FD628966E02006983E7 /* Preview Assets.xcassets in Resources */ = {isa = PBXBuildFile; fileRef = 85C80FD528966E02006983E7 /* Preview Assets.xcassets */; };
		85C80FE028966E02006983E7 /* test_variable_stateTests.swift in Sources */ = {isa = PBXBuildFile; fileRef = 85C80FDF28966E02006983E7 /* test_variable_stateTests.swift */; };
		85C80FEA28966E03006983E7 /* test_variable_stateUITests.swift in Sources */ = {isa = PBXBuildFile; fileRef = 85C80FE928966E03006983E7 /* test_variable_stateUITests.swift */; };
		85C80FEC28966E03006983E7 /* test_variable_stateUITestsLaunchTests.swift in Sources */ = {isa = PBXBuildFile; fileRef = 85C80FEB28966E03006983E7 /* test_variable_stateUITestsLaunchTests.swift */; };
		85C80FF928966E80006983E7 /* TestUIView.swift in Sources */ = {isa = PBXBuildFile; fileRef = 85C80FF828966E7F006983E7 /* TestUIView.swift */; };
/* End PBXBuildFile section */

/* Begin PBXContainerItemProxy section */
		85C80FDC28966E02006983E7 /* PBXContainerItemProxy */ = {
			isa = PBXContainerItemProxy;
			containerPortal = 85C80FC328966DFE006983E7 /* Project object */;
			proxyType = 1;
			remoteGlobalIDString = 85C80FCA28966DFE006983E7;
			remoteInfo = test_variable_state;
		};
		85C80FE628966E03006983E7 /* PBXContainerItemProxy */ = {
			isa = PBXContainerItemProxy;
			containerPortal = 85C80FC328966DFE006983E7 /* Project object */;
			proxyType = 1;
			remoteGlobalIDString = 85C80FCA28966DFE006983E7;
			remoteInfo = test_variable_state;
		};
/* End PBXContainerItemProxy section */

/* Begin PBXFileReference section */
		85C80FCB28966DFE006983E7 /* test_variable_state.app */ = {isa = PBXFileReference; explicitFileType = wrapper.application; includeInIndex = 0; path = test_variable_state.app; sourceTree = BUILT_PRODUCTS_DIR; };
		85C80FCE28966DFE006983E7 /* test_variable_stateApp.swift */ = {isa = PBXFileReference; lastKnownFileType = sourcecode.swift; path = test_variable_stateApp.swift; sourceTree = "<group>"; };
		85C80FD028966DFE006983E7 /* ContentView.swift */ = {isa = PBXFileReference; lastKnownFileType = sourcecode.swift; path = ContentView.swift; sourceTree = "<group>"; };
		85C80FD228966E02006983E7 /* Assets.xcassets */ = {isa = PBXFileReference; lastKnownFileType = folder.assetcatalog; path = Assets.xcassets; sourceTree = "<group>"; };
		85C80FD528966E02006983E7 /* Preview Assets.xcassets */ = {isa = PBXFileReference; lastKnownFileType = folder.assetcatalog; path = "Preview Assets.xcassets"; sourceTree = "<group>"; };
		85C80FDB28966E02006983E7 /* test_variable_stateTests.xctest */ = {isa = PBXFileReference; explicitFileType = wrapper.cfbundle; includeInIndex = 0; path = test_variable_stateTests.xctest; sourceTree = BUILT_PRODUCTS_DIR; };
		85C80FDF28966E02006983E7 /* test_variable_stateTests.swift */ = {isa = PBXFileReference; lastKnownFileType = sourcecode.swift; path = test_variable_stateTests.swift; sourceTree = "<group>"; };
		85C80FE528966E03006983E7 /* test_variable_stateUITests.xctest */ = {isa = PBXFileReference; explicitFileType = wrapper.cfbundle; includeInIndex = 0; path = test_variable_stateUITests.xctest; sourceTree = BUILT_PRODUCTS_DIR; };
		85C80FE928966E03006983E7 /* test_variable_stateUITests.swift */ = {isa = PBXFileReference; lastKnownFileType = sourcecode.swift; path = test_variable_stateUITests.swift; sourceTree = "<group>"; };
		85C80FEB28966E03006983E7 /* test_variable_stateUITestsLaunchTests.swift */ = {isa = PBXFileReference; lastKnownFileType = sourcecode.swift; path = test_variable_stateUITestsLaunchTests.swift; sourceTree = "<group>"; };
		85C80FF828966E7F006983E7 /* TestUIView.swift */ = {isa = PBXFileReference; fileEncoding = 4; lastKnownFileType = sourcecode.swift; path = TestUIView.swift; sourceTree = "<group>"; };
/* End PBXFileReference section */

/* Begin PBXFrameworksBuildPhase section */
		85C80FC828966DFE006983E7 /* Frameworks */ = {
			isa = PBXFrameworksBuildPhase;
			buildActionMask = 2147483647;
			files = (
			);
			runOnlyForDeploymentPostprocessing = 0;
		};
		85C80FD828966E02006983E7 /* Frameworks */ = {
			isa = PBXFrameworksBuildPhase;
			buildActionMask = 2147483647;
			files = (
			);
			runOnlyForDeploymentPostprocessing = 0;
		};
		85C80FE228966E03006983E7 /* Frameworks */ = {
			isa = PBXFrameworksBuildPhase;
			buildActionMask = 2147483647;
			files = (
			);
			runOnlyForDeploymentPostprocessing = 0;
		};
/* End PBXFrameworksBuildPhase section */

/* Begin PBXGroup section */
		85C80FC228966DFE006983E7 = {
			isa = PBXGroup;
			children = (
				85C80FCD28966DFE006983E7 /* test_variable_state */,
				85C80FDE28966E02006983E7 /* test_variable_stateTests */,
				85C80FE828966E03006983E7 /* test_variable_stateUITests */,
				85C80FCC28966DFE006983E7 /* Products */,
			);
			sourceTree = "<group>";
		};
		85C80FCC28966DFE006983E7 /* Products */ = {
			isa = PBXGroup;
			children = (
				85C80FCB28966DFE006983E7 /* test_variable_state.app */,
				85C80FDB28966E02006983E7 /* test_variable_stateTests.xctest */,
				85C80FE528966E03006983E7 /* test_variable_stateUITests.xctest */,
			);
			name = Products;
			sourceTree = "<group>";
		};
		85C80FCD28966DFE006983E7 /* test_variable_state */ = {
			isa = PBXGroup;
			children = (
				85C80FCE28966DFE006983E7 /* test_variable_stateApp.swift */,
				85C80FF828966E7F006983E7 /* TestUIView.swift */,
				85C80FD028966DFE006983E7 /* ContentView.swift */,
				85C80FD228966E02006983E7 /* Assets.xcassets */,
				85C80FD428966E02006983E7 /* Preview Content */,
			);
			path = test_variable_state;
			sourceTree = "<group>";
		};
		85C80FD428966E02006983E7 /* Preview Content */ = {
			isa = PBXGroup;
			children = (
				85C80FD528966E02006983E7 /* Preview Assets.xcassets */,
			);
			path = "Preview Content";
			sourceTree = "<group>";
		};
		85C80FDE28966E02006983E7 /* test_variable_stateTests */ = {
			isa = PBXGroup;
			children = (
				85C80FDF28966E02006983E7 /* test_variable_stateTests.swift */,
			);
			path = test_variable_stateTests;
			sourceTree = "<group>";
		};
		85C80FE828966E03006983E7 /* test_variable_stateUITests */ = {
			isa = PBXGroup;
			children = (
				85C80FE928966E03006983E7 /* test_variable_stateUITests.swift */,
				85C80FEB28966E03006983E7 /* test_variable_stateUITestsLaunchTests.swift */,
			);
			path = test_variable_stateUITests;
			sourceTree = "<group>";
		};
/* End PBXGroup section */

/* Begin PBXNativeTarget section */
		85C80FCA28966DFE006983E7 /* test_variable_state */ = {
			isa = PBXNativeTarget;
			buildConfigurationList = 85C80FEF28966E03006983E7 /* Build configuration list for PBXNativeTarget "test_variable_state" */;
			buildPhases = (
				85C80FC728966DFE006983E7 /* Sources */,
				85C80FC828966DFE006983E7 /* Frameworks */,
				85C80FC928966DFE006983E7 /* Resources */,
			);
			buildRules = (
			);
			dependencies = (
			);
			name = test_variable_state;
			productName = test_variable_state;
			productReference = 85C80FCB28966DFE006983E7 /* test_variable_state.app */;
			productType = "com.apple.product-type.application";
		};
		85C80FDA28966E02006983E7 /* test_variable_stateTests */ = {
			isa = PBXNativeTarget;
			buildConfigurationList = 85C80FF228966E03006983E7 /* Build configuration list for PBXNativeTarget "test_variable_stateTests" */;
			buildPhases = (
				85C80FD728966E02006983E7 /* Sources */,
				85C80FD828966E02006983E7 /* Frameworks */,
				85C80FD928966E02006983E7 /* Resources */,
			);
			buildRules = (
			);
			dependencies = (
				85C80FDD28966E02006983E7 /* PBXTargetDependency */,
			);
			name = test_variable_stateTests;
			productName = test_variable_stateTests;
			productReference = 85C80FDB28966E02006983E7 /* test_variable_stateTests.xctest */;
			productType = "com.apple.product-type.bundle.unit-test";
		};
		85C80FE428966E03006983E7 /* test_variable_stateUITests */ = {
			isa = PBXNativeTarget;
			buildConfigurationList = 85C80FF528966E03006983E7 /* Build configuration list for PBXNativeTarget "test_variable_stateUITests" */;
			buildPhases = (
				85C80FE128966E03006983E7 /* Sources */,
				85C80FE228966E03006983E7 /* Frameworks */,
				85C80FE328966E03006983E7 /* Resources */,
			);
			buildRules = (
			);
			dependencies = (
				85C80FE728966E03006983E7 /* PBXTargetDependency */,
			);
			name = test_variable_stateUITests;
			productName = test_variable_stateUITests;
			productReference = 85C80FE528966E03006983E7 /* test_variable_stateUITests.xctest */;
			productType = "com.apple.product-type.bundle.ui-testing";
		};
/* End PBXNativeTarget section */

/* Begin PBXProject section */
		85C80FC328966DFE006983E7 /* Project object */ = {
			isa = PBXProject;
			attributes = {
				BuildIndependentTargetsInParallel = 1;
				LastSwiftUpdateCheck = 1330;
				LastUpgradeCheck = 1330;
				TargetAttributes = {
					85C80FCA28966DFE006983E7 = {
						CreatedOnToolsVersion = 13.3;
					};
					85C80FDA28966E02006983E7 = {
						CreatedOnToolsVersion = 13.3;
						TestTargetID = 85C80FCA28966DFE006983E7;
					};
					85C80FE428966E03006983E7 = {
						CreatedOnToolsVersion = 13.3;
						TestTargetID = 85C80FCA28966DFE006983E7;
					};
				};
			};
			buildConfigurationList = 85C80FC628966DFE006983E7 /* Build configuration list for PBXProject "test_variable_state" */;
			compatibilityVersion = "Xcode 13.0";
			developmentRegion = en;
			hasScannedForEncodings = 0;
			knownRegions = (
				en,
				Base,
			);
			mainGroup = 85C80FC228966DFE006983E7;
			productRefGroup = 85C80FCC28966DFE006983E7 /* Products */;
			projectDirPath = "";
			projectRoot = "";
			targets = (
				85C80FCA28966DFE006983E7 /* test_variable_state */,
				85C80FDA28966E02006983E7 /* test_variable_stateTests */,
				85C80FE428966E03006983E7 /* test_variable_stateUITests */,
			);
		};
/* End PBXProject section */

/* Begin PBXResourcesBuildPhase section */
		85C80FC928966DFE006983E7 /* Resources */ = {
			isa = PBXResourcesBuildPhase;
			buildActionMask = 2147483647;
			files = (
				85C80FD628966E02006983E7 /* Preview Assets.xcassets in Resources */,
				85C80FD328966E02006983E7 /* Assets.xcassets in Resources */,
			);
			runOnlyForDeploymentPostprocessing = 0;
		};
		85C80FD928966E02006983E7 /* Resources */ = {
			isa = PBXResourcesBuildPhase;
			buildActionMask = 2147483647;
			files = (
			);
			runOnlyForDeploymentPostprocessing = 0;
		};
		85C80FE328966E03006983E7 /* Resources */ = {
			isa = PBXResourcesBuildPhase;
			buildActionMask = 2147483647;
			files = (
			);
			runOnlyForDeploymentPostprocessing = 0;
		};
/* End PBXResourcesBuildPhase section */

/* Begin PBXSourcesBuildPhase section */
		85C80FC728966DFE006983E7 /* Sources */ = {
			isa = PBXSourcesBuildPhase;
			buildActionMask = 2147483647;
			files = (
				85C80FF928966E80006983E7 /* TestUIView.swift in Sources */,
				85C80FD128966DFE006983E7 /* ContentView.swift in Sources */,
				85C80FCF28966DFE006983E7 /* test_variable_stateApp.swift in Sources */,
			);
			runOnlyForDeploymentPostprocessing = 0;
		};
		85C80FD728966E02006983E7 /* Sources */ = {
			isa = PBXSourcesBuildPhase;
			buildActionMask = 2147483647;
			files = (
				85C80FE028966E02006983E7 /* test_variable_stateTests.swift in Sources */,
			);
			runOnlyForDeploymentPostprocessing = 0;
		};
		85C80FE128966E03006983E7 /* Sources */ = {
			isa = PBXSourcesBuildPhase;
			buildActionMask = 2147483647;
			files = (
				85C80FEC28966E03006983E7 /* test_variable_stateUITestsLaunchTests.swift in Sources */,
				85C80FEA28966E03006983E7 /* test_variable_stateUITests.swift in Sources */,
			);
			runOnlyForDeploymentPostprocessing = 0;
		};
/* End PBXSourcesBuildPhase section */

/* Begin PBXTargetDependency section */
		85C80FDD28966E02006983E7 /* PBXTargetDependency */ = {
			isa = PBXTargetDependency;
			target = 85C80FCA28966DFE006983E7 /* test_variable_state */;
			targetProxy = 85C80FDC28966E02006983E7 /* PBXContainerItemProxy */;
		};
		85C80FE728966E03006983E7 /* PBXTargetDependency */ = {
			isa = PBXTargetDependency;
			target = 85C80FCA28966DFE006983E7 /* test_variable_state */;
			targetProxy = 85C80FE628966E03006983E7 /* PBXContainerItemProxy */;
		};
/* End PBXTargetDependency section */

/* Begin XCBuildConfiguration section */
		85C80FED28966E03006983E7 /* Debug */ = {
			isa = XCBuildConfiguration;
			buildSettings = {
				ALWAYS_SEARCH_USER_PATHS = NO;
				CLANG_ANALYZER_NONNULL = YES;
				CLANG_ANALYZER_NUMBER_OBJECT_CONVERSION = YES_AGGRESSIVE;
				CLANG_CXX_LANGUAGE_STANDARD = "gnu++17";
				CLANG_ENABLE_MODULES = YES;
				CLANG_ENABLE_OBJC_ARC = YES;
				CLANG_ENABLE_OBJC_WEAK = YES;
				CLANG_WARN_BLOCK_CAPTURE_AUTORELEASING = YES;
				CLANG_WARN_BOOL_CONVERSION = YES;
				CLANG_WARN_COMMA = YES;
				CLANG_WARN_CONSTANT_CONVERSION = YES;
				CLANG_WARN_DEPRECATED_OBJC_IMPLEMENTATIONS = YES;
				CLANG_WARN_DIRECT_OBJC_ISA_USAGE = YES_ERROR;
				CLANG_WARN_DOCUMENTATION_COMMENTS = YES;
				CLANG_WARN_EMPTY_BODY = YES;
				CLANG_WARN_ENUM_CONVERSION = YES;
				CLANG_WARN_INFINITE_RECURSION = YES;
				CLANG_WARN_INT_CONVERSION = YES;
				CLANG_WARN_NON_LITERAL_NULL_CONVERSION = YES;
				CLANG_WARN_OBJC_IMPLICIT_RETAIN_SELF = YES;
				CLANG_WARN_OBJC_LITERAL_CONVERSION = YES;
				CLANG_WARN_OBJC_ROOT_CLASS = YES_ERROR;
				CLANG_WARN_QUOTED_INCLUDE_IN_FRAMEWORK_HEADER = YES;
				CLANG_WARN_RANGE_LOOP_ANALYSIS = YES;
				CLANG_WARN_STRICT_PROTOTYPES = YES;
				CLANG_WARN_SUSPICIOUS_MOVE = YES;
				CLANG_WARN_UNGUARDED_AVAILABILITY = YES_AGGRESSIVE;
				CLANG_WARN_UNREACHABLE_CODE = YES;
				CLANG_WARN__DUPLICATE_METHOD_MATCH = YES;
				COPY_PHASE_STRIP = NO;
				DEBUG_INFORMATION_FORMAT = dwarf;
				ENABLE_STRICT_OBJC_MSGSEND = YES;
				ENABLE_TESTABILITY = YES;
				GCC_C_LANGUAGE_STANDARD = gnu11;
				GCC_DYNAMIC_NO_PIC = NO;
				GCC_NO_COMMON_BLOCKS = YES;
				GCC_OPTIMIZATION_LEVEL = 0;
				GCC_PREPROCESSOR_DEFINITIONS = (
					"DEBUG=1",
					"$(inherited)",
				);
				GCC_WARN_64_TO_32_BIT_CONVERSION = YES;
				GCC_WARN_ABOUT_RETURN_TYPE = YES_ERROR;
				GCC_WARN_UNDECLARED_SELECTOR = YES;
				GCC_WARN_UNINITIALIZED_AUTOS = YES_AGGRESSIVE;
				GCC_WARN_UNUSED_FUNCTION = YES;
				GCC_WARN_UNUSED_VARIABLE = YES;
				IPHONEOS_DEPLOYMENT_TARGET = 15.4;
				MTL_ENABLE_DEBUG_INFO = INCLUDE_SOURCE;
				MTL_FAST_MATH = YES;
				ONLY_ACTIVE_ARCH = YES;
				SDKROOT = iphoneos;
				SWIFT_ACTIVE_COMPILATION_CONDITIONS = DEBUG;
				SWIFT_OPTIMIZATION_LEVEL = "-Onone";
			};
			name = Debug;
		};
		85C80FEE28966E03006983E7 /* Release */ = {
			isa = XCBuildConfiguration;
			buildSettings = {
				ALWAYS_SEARCH_USER_PATHS = NO;
				CLANG_ANALYZER_NONNULL = YES;
				CLANG_ANALYZER_NUMBER_OBJECT_CONVERSION = YES_AGGRESSIVE;
				CLANG_CXX_LANGUAGE_STANDARD = "gnu++17";
				CLANG_ENABLE_MODULES = YES;
				CLANG_ENABLE_OBJC_ARC = YES;
				CLANG_ENABLE_OBJC_WEAK = YES;
				CLANG_WARN_BLOCK_CAPTURE_AUTORELEASING = YES;
				CLANG_WARN_BOOL_CONVERSION = YES;
				CLANG_WARN_COMMA = YES;
				CLANG_WARN_CONSTANT_CONVERSION = YES;
				CLANG_WARN_DEPRECATED_OBJC_IMPLEMENTATIONS = YES;
				CLANG_WARN_DIRECT_OBJC_ISA_USAGE = YES_ERROR;
				CLANG_WARN_DOCUMENTATION_COMMENTS = YES;
				CLANG_WARN_EMPTY_BODY = YES;
				CLANG_WARN_ENUM_CONVERSION = YES;
				CLANG_WARN_INFINITE_RECURSION = YES;
				CLANG_WARN_INT_CONVERSION = YES;
				CLANG_WARN_NON_LITERAL_NULL_CONVERSION = YES;
				CLANG_WARN_OBJC_IMPLICIT_RETAIN_SELF = YES;
				CLANG_WARN_OBJC_LITERAL_CONVERSION = YES;
				CLANG_WARN_OBJC_ROOT_CLASS = YES_ERROR;
				CLANG_WARN_QUOTED_INCLUDE_IN_FRAMEWORK_HEADER = YES;
				CLANG_WARN_RANGE_LOOP_ANALYSIS = YES;
				CLANG_WARN_STRICT_PROTOTYPES = YES;
				CLANG_WARN_SUSPICIOUS_MOVE = YES;
				CLANG_WARN_UNGUARDED_AVAILABILITY = YES_AGGRESSIVE;
				CLANG_WARN_UNREACHABLE_CODE = YES;
				CLANG_WARN__DUPLICATE_METHOD_MATCH = YES;
				COPY_PHASE_STRIP = NO;
				DEBUG_INFORMATION_FORMAT = "dwarf-with-dsym";
				ENABLE_NS_ASSERTIONS = NO;
				ENABLE_STRICT_OBJC_MSGSEND = YES;
				GCC_C_LANGUAGE_STANDARD = gnu11;
				GCC_NO_COMMON_BLOCKS = YES;
				GCC_WARN_64_TO_32_BIT_CONVERSION = YES;
				GCC_WARN_ABOUT_RETURN_TYPE = YES_ERROR;
				GCC_WARN_UNDECLARED_SELECTOR = YES;
				GCC_WARN_UNINITIALIZED_AUTOS = YES_AGGRESSIVE;
				GCC_WARN_UNUSED_FUNCTION = YES;
				GCC_WARN_UNUSED_VARIABLE = YES;
				IPHONEOS_DEPLOYMENT_TARGET = 15.4;
				MTL_ENABLE_DEBUG_INFO = NO;
				MTL_FAST_MATH = YES;
				SDKROOT = iphoneos;
				SWIFT_COMPILATION_MODE = wholemodule;
				SWIFT_OPTIMIZATION_LEVEL = "-O";
				VALIDATE_PRODUCT = YES;
			};
			name = Release;
		};
		85C80FF028966E03006983E7 /* Debug */ = {
			isa = XCBuildConfiguration;
			buildSettings = {
				ASSETCATALOG_COMPILER_APPICON_NAME = AppIcon;
				ASSETCATALOG_COMPILER_GLOBAL_ACCENT_COLOR_NAME = AccentColor;
				CODE_SIGN_STYLE = Automatic;
				CURRENT_PROJECT_VERSION = 1;
				DEVELOPMENT_ASSET_PATHS = "\"test_variable_state/Preview Content\"";
				DEVELOPMENT_TEAM = 97N29G979Y;
				ENABLE_PREVIEWS = YES;
				GENERATE_INFOPLIST_FILE = YES;
				INFOPLIST_KEY_UIApplicationSceneManifest_Generation = YES;
				INFOPLIST_KEY_UIApplicationSupportsIndirectInputEvents = YES;
				INFOPLIST_KEY_UILaunchScreen_Generation = YES;
				INFOPLIST_KEY_UISupportedInterfaceOrientations_iPad = "UIInterfaceOrientationPortrait UIInterfaceOrientationPortraitUpsideDown UIInterfaceOrientationLandscapeLeft UIInterfaceOrientationLandscapeRight";
				INFOPLIST_KEY_UISupportedInterfaceOrientations_iPhone = "UIInterfaceOrientationPortrait UIInterfaceOrientationLandscapeLeft UIInterfaceOrientationLandscapeRight";
				LD_RUNPATH_SEARCH_PATHS = (
					"$(inherited)",
					"@executable_path/Frameworks",
				);
				MARKETING_VERSION = 1.0;
				PRODUCT_BUNDLE_IDENTIFIER = "john.test-variable-state";
				PRODUCT_NAME = "$(TARGET_NAME)";
				SWIFT_EMIT_LOC_STRINGS = YES;
				SWIFT_VERSION = 5.0;
				TARGETED_DEVICE_FAMILY = "1,2";
			};
			name = Debug;
		};
		85C80FF128966E03006983E7 /* Release */ = {
			isa = XCBuildConfiguration;
			buildSettings = {
				ASSETCATALOG_COMPILER_APPICON_NAME = AppIcon;
				ASSETCATALOG_COMPILER_GLOBAL_ACCENT_COLOR_NAME = AccentColor;
				CODE_SIGN_STYLE = Automatic;
				CURRENT_PROJECT_VERSION = 1;
				DEVELOPMENT_ASSET_PATHS = "\"test_variable_state/Preview Content\"";
				DEVELOPMENT_TEAM = 97N29G979Y;
				ENABLE_PREVIEWS = YES;
				GENERATE_INFOPLIST_FILE = YES;
				INFOPLIST_KEY_UIApplicationSceneManifest_Generation = YES;
				INFOPLIST_KEY_UIApplicationSupportsIndirectInputEvents = YES;
				INFOPLIST_KEY_UILaunchScreen_Generation = YES;
				INFOPLIST_KEY_UISupportedInterfaceOrientations_iPad = "UIInterfaceOrientationPortrait UIInterfaceOrientationPortraitUpsideDown UIInterfaceOrientationLandscapeLeft UIInterfaceOrientationLandscapeRight";
				INFOPLIST_KEY_UISupportedInterfaceOrientations_iPhone = "UIInterfaceOrientationPortrait UIInterfaceOrientationLandscapeLeft UIInterfaceOrientationLandscapeRight";
				LD_RUNPATH_SEARCH_PATHS = (
					"$(inherited)",
					"@executable_path/Frameworks",
				);
				MARKETING_VERSION = 1.0;
				PRODUCT_BUNDLE_IDENTIFIER = "john.test-variable-state";
				PRODUCT_NAME = "$(TARGET_NAME)";
				SWIFT_EMIT_LOC_STRINGS = YES;
				SWIFT_VERSION = 5.0;
				TARGETED_DEVICE_FAMILY = "1,2";
			};
			name = Release;
		};
		85C80FF328966E03006983E7 /* Debug */ = {
			isa = XCBuildConfiguration;
			buildSettings = {
				ALWAYS_EMBED_SWIFT_STANDARD_LIBRARIES = YES;
				BUNDLE_LOADER = "$(TEST_HOST)";
				CODE_SIGN_STYLE = Automatic;
				CURRENT_PROJECT_VERSION = 1;
				DEVELOPMENT_TEAM = 97N29G979Y;
				GENERATE_INFOPLIST_FILE = YES;
				IPHONEOS_DEPLOYMENT_TARGET = 15.4;
				MARKETING_VERSION = 1.0;
				PRODUCT_BUNDLE_IDENTIFIER = "john.test-variable-stateTests";
				PRODUCT_NAME = "$(TARGET_NAME)";
				SWIFT_EMIT_LOC_STRINGS = NO;
				SWIFT_VERSION = 5.0;
				TARGETED_DEVICE_FAMILY = "1,2";
				TEST_HOST = "$(BUILT_PRODUCTS_DIR)/test_variable_state.app/test_variable_state";
			};
			name = Debug;
		};
		85C80FF428966E03006983E7 /* Release */ = {
			isa = XCBuildConfiguration;
			buildSettings = {
				ALWAYS_EMBED_SWIFT_STANDARD_LIBRARIES = YES;
				BUNDLE_LOADER = "$(TEST_HOST)";
				CODE_SIGN_STYLE = Automatic;
				CURRENT_PROJECT_VERSION = 1;
				DEVELOPMENT_TEAM = 97N29G979Y;
				GENERATE_INFOPLIST_FILE = YES;
				IPHONEOS_DEPLOYMENT_TARGET = 15.4;
				MARKETING_VERSION = 1.0;
				PRODUCT_BUNDLE_IDENTIFIER = "john.test-variable-stateTests";
				PRODUCT_NAME = "$(TARGET_NAME)";
				SWIFT_EMIT_LOC_STRINGS = NO;
				SWIFT_VERSION = 5.0;
				TARGETED_DEVICE_FAMILY = "1,2";
				TEST_HOST = "$(BUILT_PRODUCTS_DIR)/test_variable_state.app/test_variable_state";
			};
			name = Release;
		};
		85C80FF628966E03006983E7 /* Debug */ = {
			isa = XCBuildConfiguration;
			buildSettings = {
				ALWAYS_EMBED_SWIFT_STANDARD_LIBRARIES = YES;
				CODE_SIGN_STYLE = Automatic;
				CURRENT_PROJECT_VERSION = 1;
				DEVELOPMENT_TEAM = 97N29G979Y;
				GENERATE_INFOPLIST_FILE = YES;
				MARKETING_VERSION = 1.0;
				PRODUCT_BUNDLE_IDENTIFIER = "john.test-variable-stateUITests";
				PRODUCT_NAME = "$(TARGET_NAME)";
				SWIFT_EMIT_LOC_STRINGS = NO;
				SWIFT_VERSION = 5.0;
				TARGETED_DEVICE_FAMILY = "1,2";
				TEST_TARGET_NAME = test_variable_state;
			};
			name = Debug;
		};
		85C80FF728966E03006983E7 /* Release */ = {
			isa = XCBuildConfiguration;
			buildSettings = {
				ALWAYS_EMBED_SWIFT_STANDARD_LIBRARIES = YES;
				CODE_SIGN_STYLE = Automatic;
				CURRENT_PROJECT_VERSION = 1;
				DEVELOPMENT_TEAM = 97N29G979Y;
				GENERATE_INFOPLIST_FILE = YES;
				MARKETING_VERSION = 1.0;
				PRODUCT_BUNDLE_IDENTIFIER = "john.test-variable-stateUITests";
				PRODUCT_NAME = "$(TARGET_NAME)";
				SWIFT_EMIT_LOC_STRINGS = NO;
				SWIFT_VERSION = 5.0;
				TARGETED_DEVICE_FAMILY = "1,2";
				TEST_TARGET_NAME = test_variable_state;
			};
			name = Release;
		};
/* End XCBuildConfiguration section */

/* Begin XCConfigurationList section */
		85C80FC628966DFE006983E7 /* Build configuration list for PBXProject "test_variable_state" */ = {
			isa = XCConfigurationList;
			buildConfigurations = (
				85C80FED28966E03006983E7 /* Debug */,
				85C80FEE28966E03006983E7 /* Release */,
			);
			defaultConfigurationIsVisible = 0;
			defaultConfigurationName = Release;
		};
		85C80FEF28966E03006983E7 /* Build configuration list for PBXNativeTarget "test_variable_state" */ = {
			isa = XCConfigurationList;
			buildConfigurations = (
				85C80FF028966E03006983E7 /* Debug */,
				85C80FF128966E03006983E7 /* Release */,
			);
			defaultConfigurationIsVisible = 0;
			defaultConfigurationName = Release;
		};
		85C80FF228966E03006983E7 /* Build configuration list for PBXNativeTarget "test_variable_stateTests" */ = {
			isa = XCConfigurationList;
			buildConfigurations = (
				85C80FF328966E03006983E7 /* Debug */,
				85C80FF428966E03006983E7 /* Release */,
			);
			defaultConfigurationIsVisible = 0;
			defaultConfigurationName = Release;
		};
		85C80FF528966E03006983E7 /* Build configuration list for PBXNativeTarget "test_variable_stateUITests" */ = {
			isa = XCConfigurationList;
			buildConfigurations = (
				85C80FF628966E03006983E7 /* Debug */,
				85C80FF728966E03006983E7 /* Release */,
			);
			defaultConfigurationIsVisible = 0;
			defaultConfigurationName = Release;
		};
/* End XCConfigurationList section */
	};
	rootObject = 85C80FC328966DFE006983E7 /* Project object */;
}
